{
	"name": "untitled",
	"version": "0.1.0",
	"lockfileVersion": 1,
	"requires": true,
	"dependencies": {
		"wabi": {
			"version": "0.10.7",
			"resolved": "https://registry.npmjs.org/wabi/-/wabi-0.10.7.tgz",
			"integrity": "sha512-uKLhricw+riHczTwBwxsgJu0RL/RncWx0XbFFyxCJuanZiB4lXD2T2bYC6N8c2XX6Mz0+swWvmHNRaQgWcHsKQ=="
		}
	}
}
